
Microsoft Visual Studio Solution File, Format Version 12.00
# Visual Studio Version 17
VisualStudioVersion = 17.11.35327.3
MinimumVisualStudioVersion = 10.0.40219.1
Project("{FAE04EC0-301F-11D3-BF4B-00C04F79EFBC}") = "WebProjesi", "WebProjesi\WebProjesi.csproj", "{B0901C20-D4F3-4452-8751-064C7DE018DA}"
EndProject
Global
	GlobalSection(SolutionConfigurationPlatforms) = preSolution
		Debug|Any CPU = Debug|Any CPU
		Release|Any CPU = Release|Any CPU
	EndGlobalSection
	GlobalSection(ProjectConfigurationPlatforms) = postSolution
		{B0901C20-D4F3-4452-8751-064C7DE018DA}.Debug|Any CPU.ActiveCfg = Debug|Any CPU
		{B0901C20-D4F3-4452-8751-064C7DE018DA}.Debug|Any CPU.Build.0 = Debug|Any CPU
		{B0901C20-D4F3-4452-8751-064C7DE018DA}.Release|Any CPU.ActiveCfg = Release|Any CPU
		{B0901C20-D4F3-4452-8751-064C7DE018DA}.Release|Any CPU.Build.0 = Release|Any CPU
	EndGlobalSection
	GlobalSection(SolutionProperties) = preSolution
		HideSolutionNode = FALSE
	EndGlobalSection
	GlobalSection(ExtensibilityGlobals) = postSolution
		SolutionGuid = {6F2F78C0-A71B-4D19-89A3-5DFED28007A3}
	EndGlobalSection
EndGlobal
